
Microsoft Visual Studio Solution File, Format Version 12.00
# Visual Studio Version 17
VisualStudioVersion = 17.3.32922.545
MinimumVisualStudioVersion = 10.0.40219.1
Project("{FAE04EC0-301F-11D3-BF4B-00C04F79EFBC}") = "CatalogService.Api", "CatalogService.Api\CatalogService.Api.csproj", "{EA5B6FCC-1FC9-4952-8EB7-C7A5B7F84172}"
EndProject
Project("{FAE04EC0-301F-11D3-BF4B-00C04F79EFBC}") = "CatalogService.Domain", "CatalogService.Domain\CatalogService.Domain.csproj", "{186B650E-BFAC-4DE5-8A33-CA1A1F7811A0}"
EndProject
Project("{FAE04EC0-301F-11D3-BF4B-00C04F79EFBC}") = "CatalogService.Infrastructure", "CatalogService.Infrastructure\CatalogService.Infrastructure.csproj", "{636532F2-568A-48C3-94F8-9533A112442E}"
EndProject
Project("{FAE04EC0-301F-11D3-BF4B-00C04F79EFBC}") = "CatalogService.Services", "CatalogService.Services\CatalogService.Services.csproj", "{E7E94F1A-894A-4490-BBCF-671FF948B04D}"
EndProject
Project("{FAE04EC0-301F-11D3-BF4B-00C04F79EFBC}") = "CatalogService.Repositories", "CatalogService.Repositories\CatalogService.Repositories.csproj", "{DEE0B902-357A-4BE0-A39B-C4908028A58F}"
EndProject
Global
	GlobalSection(SolutionConfigurationPlatforms) = preSolution
		Debug|Any CPU = Debug|Any CPU
		Release|Any CPU = Release|Any CPU
	EndGlobalSection
	GlobalSection(ProjectConfigurationPlatforms) = postSolution
		{EA5B6FCC-1FC9-4952-8EB7-C7A5B7F84172}.Debug|Any CPU.ActiveCfg = Debug|Any CPU
		{EA5B6FCC-1FC9-4952-8EB7-C7A5B7F84172}.Debug|Any CPU.Build.0 = Debug|Any CPU
		{EA5B6FCC-1FC9-4952-8EB7-C7A5B7F84172}.Release|Any CPU.ActiveCfg = Release|Any CPU
		{EA5B6FCC-1FC9-4952-8EB7-C7A5B7F84172}.Release|Any CPU.Build.0 = Release|Any CPU
		{186B650E-BFAC-4DE5-8A33-CA1A1F7811A0}.Debug|Any CPU.ActiveCfg = Debug|Any CPU
		{186B650E-BFAC-4DE5-8A33-CA1A1F7811A0}.Debug|Any CPU.Build.0 = Debug|Any CPU
		{186B650E-BFAC-4DE5-8A33-CA1A1F7811A0}.Release|Any CPU.ActiveCfg = Release|Any CPU
		{186B650E-BFAC-4DE5-8A33-CA1A1F7811A0}.Release|Any CPU.Build.0 = Release|Any CPU
		{636532F2-568A-48C3-94F8-9533A112442E}.Debug|Any CPU.ActiveCfg = Debug|Any CPU
		{636532F2-568A-48C3-94F8-9533A112442E}.Debug|Any CPU.Build.0 = Debug|Any CPU
		{636532F2-568A-48C3-94F8-9533A112442E}.Release|Any CPU.ActiveCfg = Release|Any CPU
		{636532F2-568A-48C3-94F8-9533A112442E}.Release|Any CPU.Build.0 = Release|Any CPU
		{E7E94F1A-894A-4490-BBCF-671FF948B04D}.Debug|Any CPU.ActiveCfg = Debug|Any CPU
		{E7E94F1A-894A-4490-BBCF-671FF948B04D}.Debug|Any CPU.Build.0 = Debug|Any CPU
		{E7E94F1A-894A-4490-BBCF-671FF948B04D}.Release|Any CPU.ActiveCfg = Release|Any CPU
		{E7E94F1A-894A-4490-BBCF-671FF948B04D}.Release|Any CPU.Build.0 = Release|Any CPU
		{DEE0B902-357A-4BE0-A39B-C4908028A58F}.Debug|Any CPU.ActiveCfg = Debug|Any CPU
		{DEE0B902-357A-4BE0-A39B-C4908028A58F}.Debug|Any CPU.Build.0 = Debug|Any CPU
		{DEE0B902-357A-4BE0-A39B-C4908028A58F}.Release|Any CPU.ActiveCfg = Release|Any CPU
		{DEE0B902-357A-4BE0-A39B-C4908028A58F}.Release|Any CPU.Build.0 = Release|Any CPU
	EndGlobalSection
	GlobalSection(SolutionProperties) = preSolution
		HideSolutionNode = FALSE
	EndGlobalSection
	GlobalSection(ExtensibilityGlobals) = postSolution
		SolutionGuid = {D51F8FA2-3225-4D3B-A802-3239CD300E7E}
	EndGlobalSection
EndGlobal
